// !$*UTF8*$!
{
	archiveVersion = 1;
	classes = {
	};
	objectVersion = 55;
	objects = {

/* Begin PBXBuildFile section */
		16976DAC933048324C1284CF /* Pods_Smaher_alharthi.framework in Frameworks */ = {isa = PBXBuildFile; fileRef = BDB78405544BF483AC445469 /* Pods_Smaher_alharthi.framework */; };
		304278B9C22FD8B3E08A4FC4 /* Pods_Smaher_alharthi_Smaher_alharthiUITests.framework in Frameworks */ = {isa = PBXBuildFile; fileRef = D0FA7CBB8A8F5A77B3C314C3 /* Pods_Smaher_alharthi_Smaher_alharthiUITests.framework */; };
		52010B29278F43C300F51F68 /* AppDelegate.swift in Sources */ = {isa = PBXBuildFile; fileRef = 52010B28278F43C300F51F68 /* AppDelegate.swift */; };
		52010B2B278F43C300F51F68 /* SceneDelegate.swift in Sources */ = {isa = PBXBuildFile; fileRef = 52010B2A278F43C300F51F68 /* SceneDelegate.swift */; };
		52010B2D278F43C300F51F68 /* ViewController.swift in Sources */ = {isa = PBXBuildFile; fileRef = 52010B2C278F43C300F51F68 /* ViewController.swift */; };
		52010B30278F43C300F51F68 /* Main.storyboard in Resources */ = {isa = PBXBuildFile; fileRef = 52010B2E278F43C300F51F68 /* Main.storyboard */; };
		52010B32278F43C600F51F68 /* Assets.xcassets in Resources */ = {isa = PBXBuildFile; fileRef = 52010B31278F43C600F51F68 /* Assets.xcassets */; };
		52010B35278F43C600F51F68 /* LaunchScreen.storyboard in Resources */ = {isa = PBXBuildFile; fileRef = 52010B33278F43C600F51F68 /* LaunchScreen.storyboard */; };
		52010B40278F43C600F51F68 /* Smaher_alharthiTests.swift in Sources */ = {isa = PBXBuildFile; fileRef = 52010B3F278F43C600F51F68 /* Smaher_alharthiTests.swift */; };
		52010B4A278F43C700F51F68 /* Smaher_alharthiUITests.swift in Sources */ = {isa = PBXBuildFile; fileRef = 52010B49278F43C700F51F68 /* Smaher_alharthiUITests.swift */; };
		52010B4C278F43C700F51F68 /* Smaher_alharthiUITestsLaunchTests.swift in Sources */ = {isa = PBXBuildFile; fileRef = 52010B4B278F43C700F51F68 /* Smaher_alharthiUITestsLaunchTests.swift */; };
		52010B59278F49AA00F51F68 /* GroceryItemTableViewController.swift in Sources */ = {isa = PBXBuildFile; fileRef = 52010B58278F49AA00F51F68 /* GroceryItemTableViewController.swift */; };
		52010B5B278F49F500F51F68 /* UserOnlineTableViewController.swift in Sources */ = {isa = PBXBuildFile; fileRef = 52010B5A278F49F500F51F68 /* UserOnlineTableViewController.swift */; };
		52010B5D278F4DBE00F51F68 /* GoogleService-Info.plist in Resources */ = {isa = PBXBuildFile; fileRef = 52010B5C278F4DBE00F51F68 /* GoogleService-Info.plist */; };
		5B3FB431C5CBDF148FE141B1 /* Pods_Smaher_alharthiTests.framework in Frameworks */ = {isa = PBXBuildFile; fileRef = 09B5A977CECC2B83BF95C6D4 /* Pods_Smaher_alharthiTests.framework */; };
/* End PBXBuildFile section */

/* Begin PBXContainerItemProxy section */
		52010B3C278F43C600F51F68 /* PBXContainerItemProxy */ = {
			isa = PBXContainerItemProxy;
			containerPortal = 52010B1D278F43C300F51F68 /* Project object */;
			proxyType = 1;
			remoteGlobalIDString = 52010B24278F43C300F51F68;
			remoteInfo = Smaher_alharthi;
		};
		52010B46278F43C700F51F68 /* PBXContainerItemProxy */ = {
			isa = PBXContainerItemProxy;
			containerPortal = 52010B1D278F43C300F51F68 /* Project object */;
			proxyType = 1;
			remoteGlobalIDString = 52010B24278F43C300F51F68;
			remoteInfo = Smaher_alharthi;
		};
/* End PBXContainerItemProxy section */

/* Begin PBXFileReference section */
		09B5A977CECC2B83BF95C6D4 /* Pods_Smaher_alharthiTests.framework */ = {isa = PBXFileReference; explicitFileType = wrapper.framework; includeInIndex = 0; path = Pods_Smaher_alharthiTests.framework; sourceTree = BUILT_PRODUCTS_DIR; };
		2F6D16F09AF7503550130A3F /* Pods-Smaher_alharthi.release.xcconfig */ = {isa = PBXFileReference; includeInIndex = 1; lastKnownFileType = text.xcconfig; name = "Pods-Smaher_alharthi.release.xcconfig"; path = "Target Support Files/Pods-Smaher_alharthi/Pods-Smaher_alharthi.release.xcconfig"; sourceTree = "<group>"; };
		4BE144CC1041662F3CD9E332 /* Pods-Smaher_alharthiTests.debug.xcconfig */ = {isa = PBXFileReference; includeInIndex = 1; lastKnownFileType = text.xcconfig; name = "Pods-Smaher_alharthiTests.debug.xcconfig"; path = "Target Support Files/Pods-Smaher_alharthiTests/Pods-Smaher_alharthiTests.debug.xcconfig"; sourceTree = "<group>"; };
		52010B25278F43C300F51F68 /* Smaher_alharthi.app */ = {isa = PBXFileReference; explicitFileType = wrapper.application; includeInIndex = 0; path = Smaher_alharthi.app; sourceTree = BUILT_PRODUCTS_DIR; };
		52010B28278F43C300F51F68 /* AppDelegate.swift */ = {isa = PBXFileReference; lastKnownFileType = sourcecode.swift; path = AppDelegate.swift; sourceTree = "<group>"; };
		52010B2A278F43C300F51F68 /* SceneDelegate.swift */ = {isa = PBXFileReference; lastKnownFileType = sourcecode.swift; path = SceneDelegate.swift; sourceTree = "<group>"; };
		52010B2C278F43C300F51F68 /* ViewController.swift */ = {isa = PBXFileReference; lastKnownFileType = sourcecode.swift; path = ViewController.swift; sourceTree = "<group>"; };
		52010B2F278F43C300F51F68 /* Base */ = {isa = PBXFileReference; lastKnownFileType = file.storyboard; name = Base; path = Base.lproj/Main.storyboard; sourceTree = "<group>"; };
		52010B31278F43C600F51F68 /* Assets.xcassets */ = {isa = PBXFileReference; lastKnownFileType = folder.assetcatalog; path = Assets.xcassets; sourceTree = "<group>"; };
		52010B34278F43C600F51F68 /* Base */ = {isa = PBXFileReference; lastKnownFileType = file.storyboard; name = Base; path = Base.lproj/LaunchScreen.storyboard; sourceTree = "<group>"; };
		52010B36278F43C600F51F68 /* Info.plist */ = {isa = PBXFileReference; lastKnownFileType = text.plist.xml; path = Info.plist; sourceTree = "<group>"; };
		52010B3B278F43C600F51F68 /* Smaher_alharthiTests.xctest */ = {isa = PBXFileReference; explicitFileType = wrapper.cfbundle; includeInIndex = 0; path = Smaher_alharthiTests.xctest; sourceTree = BUILT_PRODUCTS_DIR; };
		52010B3F278F43C600F51F68 /* Smaher_alharthiTests.swift */ = {isa = PBXFileReference; lastKnownFileType = sourcecode.swift; path = Smaher_alharthiTests.swift; sourceTree = "<group>"; };
		52010B45278F43C700F51F68 /* Smaher_alharthiUITests.xctest */ = {isa = PBXFileReference; explicitFileType = wrapper.cfbundle; includeInIndex = 0; path = Smaher_alharthiUITests.xctest; sourceTree = BUILT_PRODUCTS_DIR; };
		52010B49278F43C700F51F68 /* Smaher_alharthiUITests.swift */ = {isa = PBXFileReference; lastKnownFileType = sourcecode.swift; path = Smaher_alharthiUITests.swift; sourceTree = "<group>"; };
		52010B4B278F43C700F51F68 /* Smaher_alharthiUITestsLaunchTests.swift */ = {isa = PBXFileReference; lastKnownFileType = sourcecode.swift; path = Smaher_alharthiUITestsLaunchTests.swift; sourceTree = "<group>"; };
		52010B58278F49AA00F51F68 /* GroceryItemTableViewController.swift */ = {isa = PBXFileReference; lastKnownFileType = sourcecode.swift; path = GroceryItemTableViewController.swift; sourceTree = "<group>"; };
		52010B5A278F49F500F51F68 /* UserOnlineTableViewController.swift */ = {isa = PBXFileReference; lastKnownFileType = sourcecode.swift; path = UserOnlineTableViewController.swift; sourceTree = "<group>"; };
		52010B5C278F4DBE00F51F68 /* GoogleService-Info.plist */ = {isa = PBXFileReference; fileEncoding = 4; lastKnownFileType = text.plist.xml; name = "GoogleService-Info.plist"; path = "../../../Downloads/GoogleService-Info.plist"; sourceTree = "<group>"; };
		6F419008AF39CA25CEB202F4 /* Pods-Smaher_alharthiTests.release.xcconfig */ = {isa = PBXFileReference; includeInIndex = 1; lastKnownFileType = text.xcconfig; name = "Pods-Smaher_alharthiTests.release.xcconfig"; path = "Target Support Files/Pods-Smaher_alharthiTests/Pods-Smaher_alharthiTests.release.xcconfig"; sourceTree = "<group>"; };
		91D0EC91A8FF90FF82F078C7 /* Pods-Smaher_alharthi.debug.xcconfig */ = {isa = PBXFileReference; includeInIndex = 1; lastKnownFileType = text.xcconfig; name = "Pods-Smaher_alharthi.debug.xcconfig"; path = "Target Support Files/Pods-Smaher_alharthi/Pods-Smaher_alharthi.debug.xcconfig"; sourceTree = "<group>"; };
		BD0D455FFF33DFD020325D57 /* Pods-Smaher_alharthi-Smaher_alharthiUITests.debug.xcconfig */ = {isa = PBXFileReference; includeInIndex = 1; lastKnownFileType = text.xcconfig; name = "Pods-Smaher_alharthi-Smaher_alharthiUITests.debug.xcconfig"; path = "Target Support Files/Pods-Smaher_alharthi-Smaher_alharthiUITests/Pods-Smaher_alharthi-Smaher_alharthiUITests.debug.xcconfig"; sourceTree = "<group>"; };
		BDB78405544BF483AC445469 /* Pods_Smaher_alharthi.framework */ = {isa = PBXFileReference; explicitFileType = wrapper.framework; includeInIndex = 0; path = Pods_Smaher_alharthi.framework; sourceTree = BUILT_PRODUCTS_DIR; };
		CFC85231BC6C20772A940FB6 /* Pods-Smaher_alharthi-Smaher_alharthiUITests.release.xcconfig */ = {isa = PBXFileReference; includeInIndex = 1; lastKnownFileType = text.xcconfig; name = "Pods-Smaher_alharthi-Smaher_alharthiUITests.release.xcconfig"; path = "Target Support Files/Pods-Smaher_alharthi-Smaher_alharthiUITests/Pods-Smaher_alharthi-Smaher_alharthiUITests.release.xcconfig"; sourceTree = "<group>"; };
		D0FA7CBB8A8F5A77B3C314C3 /* Pods_Smaher_alharthi_Smaher_alharthiUITests.framework */ = {isa = PBXFileReference; explicitFileType = wrapper.framework; includeInIndex = 0; path = Pods_Smaher_alharthi_Smaher_alharthiUITests.framework; sourceTree = BUILT_PRODUCTS_DIR; };
/* End PBXFileReference section */

/* Begin PBXFrameworksBuildPhase section */
		52010B22278F43C300F51F68 /* Frameworks */ = {
			isa = PBXFrameworksBuildPhase;
			buildActionMask = 2147483647;
			files = (
				16976DAC933048324C1284CF /* Pods_Smaher_alharthi.framework in Frameworks */,
			);
			runOnlyForDeploymentPostprocessing = 0;
		};
		52010B38278F43C600F51F68 /* Frameworks */ = {
			isa = PBXFrameworksBuildPhase;
			buildActionMask = 2147483647;
			files = (
				5B3FB431C5CBDF148FE141B1 /* Pods_Smaher_alharthiTests.framework in Frameworks */,
			);
			runOnlyForDeploymentPostprocessing = 0;
		};
		52010B42278F43C700F51F68 /* Frameworks */ = {
			isa = PBXFrameworksBuildPhase;
			buildActionMask = 2147483647;
			files = (
				304278B9C22FD8B3E08A4FC4 /* Pods_Smaher_alharthi_Smaher_alharthiUITests.framework in Frameworks */,
			);
			runOnlyForDeploymentPostprocessing = 0;
		};
/* End PBXFrameworksBuildPhase section */

/* Begin PBXGroup section */
		2AE32DE26D1439176C56A958 /* Pods */ = {
			isa = PBXGroup;
			children = (
				91D0EC91A8FF90FF82F078C7 /* Pods-Smaher_alharthi.debug.xcconfig */,
				2F6D16F09AF7503550130A3F /* Pods-Smaher_alharthi.release.xcconfig */,
				BD0D455FFF33DFD020325D57 /* Pods-Smaher_alharthi-Smaher_alharthiUITests.debug.xcconfig */,
				CFC85231BC6C20772A940FB6 /* Pods-Smaher_alharthi-Smaher_alharthiUITests.release.xcconfig */,
				4BE144CC1041662F3CD9E332 /* Pods-Smaher_alharthiTests.debug.xcconfig */,
				6F419008AF39CA25CEB202F4 /* Pods-Smaher_alharthiTests.release.xcconfig */,
			);
			path = Pods;
			sourceTree = "<group>";
		};
		338C99797E7897591CC8B9A5 /* Frameworks */ = {
			isa = PBXGroup;
			children = (
				BDB78405544BF483AC445469 /* Pods_Smaher_alharthi.framework */,
				D0FA7CBB8A8F5A77B3C314C3 /* Pods_Smaher_alharthi_Smaher_alharthiUITests.framework */,
				09B5A977CECC2B83BF95C6D4 /* Pods_Smaher_alharthiTests.framework */,
			);
			name = Frameworks;
			sourceTree = "<group>";
		};
		52010B1C278F43C300F51F68 = {
			isa = PBXGroup;
			children = (
				52010B27278F43C300F51F68 /* Smaher_alharthi */,
				52010B3E278F43C600F51F68 /* Smaher_alharthiTests */,
				52010B48278F43C700F51F68 /* Smaher_alharthiUITests */,
				52010B26278F43C300F51F68 /* Products */,
				2AE32DE26D1439176C56A958 /* Pods */,
				338C99797E7897591CC8B9A5 /* Frameworks */,
			);
			sourceTree = "<group>";
		};
		52010B26278F43C300F51F68 /* Products */ = {
			isa = PBXGroup;
			children = (
				52010B25278F43C300F51F68 /* Smaher_alharthi.app */,
				52010B3B278F43C600F51F68 /* Smaher_alharthiTests.xctest */,
				52010B45278F43C700F51F68 /* Smaher_alharthiUITests.xctest */,
			);
			name = Products;
			sourceTree = "<group>";
		};
		52010B27278F43C300F51F68 /* Smaher_alharthi */ = {
			isa = PBXGroup;
			children = (
				52010B28278F43C300F51F68 /* AppDelegate.swift */,
				52010B2A278F43C300F51F68 /* SceneDelegate.swift */,
				52010B2C278F43C300F51F68 /* ViewController.swift */,
				52010B2E278F43C300F51F68 /* Main.storyboard */,
				52010B5A278F49F500F51F68 /* UserOnlineTableViewController.swift */,
				52010B58278F49AA00F51F68 /* GroceryItemTableViewController.swift */,
				52010B31278F43C600F51F68 /* Assets.xcassets */,
				52010B33278F43C600F51F68 /* LaunchScreen.storyboard */,
				52010B5C278F4DBE00F51F68 /* GoogleService-Info.plist */,
				52010B36278F43C600F51F68 /* Info.plist */,
			);
			path = Smaher_alharthi;
			sourceTree = "<group>";
		};
		52010B3E278F43C600F51F68 /* Smaher_alharthiTests */ = {
			isa = PBXGroup;
			children = (
				52010B3F278F43C600F51F68 /* Smaher_alharthiTests.swift */,
			);
			path = Smaher_alharthiTests;
			sourceTree = "<group>";
		};
		52010B48278F43C700F51F68 /* Smaher_alharthiUITests */ = {
			isa = PBXGroup;
			children = (
				52010B49278F43C700F51F68 /* Smaher_alharthiUITests.swift */,
				52010B4B278F43C700F51F68 /* Smaher_alharthiUITestsLaunchTests.swift */,
			);
			path = Smaher_alharthiUITests;
			sourceTree = "<group>";
		};
/* End PBXGroup section */

/* Begin PBXNativeTarget section */
		52010B24278F43C300F51F68 /* Smaher_alharthi */ = {
			isa = PBXNativeTarget;
			buildConfigurationList = 52010B4F278F43C700F51F68 /* Build configuration list for PBXNativeTarget "Smaher_alharthi" */;
			buildPhases = (
				61F01CEB4FEE59007B199234 /* [CP] Check Pods Manifest.lock */,
				52010B21278F43C300F51F68 /* Sources */,
				52010B22278F43C300F51F68 /* Frameworks */,
				52010B23278F43C300F51F68 /* Resources */,
				5A2525C815530E1F5F38DF3B /* [CP] Embed Pods Frameworks */,
			);
			buildRules = (
			);
			dependencies = (
			);
			name = Smaher_alharthi;
			productName = Smaher_alharthi;
			productReference = 52010B25278F43C300F51F68 /* Smaher_alharthi.app */;
			productType = "com.apple.product-type.application";
		};
		52010B3A278F43C600F51F68 /* Smaher_alharthiTests */ = {
			isa = PBXNativeTarget;
			buildConfigurationList = 52010B52278F43C700F51F68 /* Build configuration list for PBXNativeTarget "Smaher_alharthiTests" */;
			buildPhases = (
				EFA0ED2EBD1ACD13BF80B5F3 /* [CP] Check Pods Manifest.lock */,
				52010B37278F43C600F51F68 /* Sources */,
				52010B38278F43C600F51F68 /* Frameworks */,
				52010B39278F43C600F51F68 /* Resources */,
			);
			buildRules = (
			);
			dependencies = (
				52010B3D278F43C600F51F68 /* PBXTargetDependency */,
			);
			name = Smaher_alharthiTests;
			productName = Smaher_alharthiTests;
			productReference = 52010B3B278F43C600F51F68 /* Smaher_alharthiTests.xctest */;
			productType = "com.apple.product-type.bundle.unit-test";
		};
		52010B44278F43C700F51F68 /* Smaher_alharthiUITests */ = {
			isa = PBXNativeTarget;
			buildConfigurationList = 52010B55278F43C700F51F68 /* Build configuration list for PBXNativeTarget "Smaher_alharthiUITests" */;
			buildPhases = (
				D1BBD2267F036FBFB0E130C2 /* [CP] Check Pods Manifest.lock */,
				52010B41278F43C700F51F68 /* Sources */,
				52010B42278F43C700F51F68 /* Frameworks */,
				52010B43278F43C700F51F68 /* Resources */,
				F2887319AAC972E86B95A8D0 /* [CP] Embed Pods Frameworks */,
			);
			buildRules = (
			);
			dependencies = (
				52010B47278F43C700F51F68 /* PBXTargetDependency */,
			);
			name = Smaher_alharthiUITests;
			productName = Smaher_alharthiUITests;
			productReference = 52010B45278F43C700F51F68 /* Smaher_alharthiUITests.xctest */;
			productType = "com.apple.product-type.bundle.ui-testing";
		};
/* End PBXNativeTarget section */

/* Begin PBXProject section */
		52010B1D278F43C300F51F68 /* Project object */ = {
			isa = PBXProject;
			attributes = {
				BuildIndependentTargetsInParallel = 1;
				LastSwiftUpdateCheck = 1310;
				LastUpgradeCheck = 1310;
				TargetAttributes = {
					52010B24278F43C300F51F68 = {
						CreatedOnToolsVersion = 13.1;
					};
					52010B3A278F43C600F51F68 = {
						CreatedOnToolsVersion = 13.1;
						TestTargetID = 52010B24278F43C300F51F68;
					};
					52010B44278F43C700F51F68 = {
						CreatedOnToolsVersion = 13.1;
						TestTargetID = 52010B24278F43C300F51F68;
					};
				};
			};
			buildConfigurationList = 52010B20278F43C300F51F68 /* Build configuration list for PBXProject "Smaher_alharthi" */;
			compatibilityVersion = "Xcode 13.0";
			developmentRegion = en;
			hasScannedForEncodings = 0;
			knownRegions = (
				en,
				Base,
			);
			mainGroup = 52010B1C278F43C300F51F68;
			productRefGroup = 52010B26278F43C300F51F68 /* Products */;
			projectDirPath = "";
			projectRoot = "";
			targets = (
				52010B24278F43C300F51F68 /* Smaher_alharthi */,
				52010B3A278F43C600F51F68 /* Smaher_alharthiTests */,
				52010B44278F43C700F51F68 /* Smaher_alharthiUITests */,
			);
		};
/* End PBXProject section */

/* Begin PBXResourcesBuildPhase section */
		52010B23278F43C300F51F68 /* Resources */ = {
			isa = PBXResourcesBuildPhase;
			buildActionMask = 2147483647;
			files = (
				52010B35278F43C600F51F68 /* LaunchScreen.storyboard in Resources */,
				52010B5D278F4DBE00F51F68 /* GoogleService-Info.plist in Resources */,
				52010B32278F43C600F51F68 /* Assets.xcassets in Resources */,
				52010B30278F43C300F51F68 /* Main.storyboard in Resources */,
			);
			runOnlyForDeploymentPostprocessing = 0;
		};
		52010B39278F43C600F51F68 /* Resources */ = {
			isa = PBXResourcesBuildPhase;
			buildActionMask = 2147483647;
			files = (
			);
			runOnlyForDeploymentPostprocessing = 0;
		};
		52010B43278F43C700F51F68 /* Resources */ = {
			isa = PBXResourcesBuildPhase;
			buildActionMask = 2147483647;
			files = (
			);
			runOnlyForDeploymentPostprocessing = 0;
		};
/* End PBXResourcesBuildPhase section */

/* Begin PBXShellScriptBuildPhase section */
		5A2525C815530E1F5F38DF3B /* [CP] Embed Pods Frameworks */ = {
			isa = PBXShellScriptBuildPhase;
			buildActionMask = 2147483647;
			files = (
			);
			inputFileListPaths = (
				"${PODS_ROOT}/Target Support Files/Pods-Smaher_alharthi/Pods-Smaher_alharthi-frameworks-${CONFIGURATION}-input-files.xcfilelist",
			);
			name = "[CP] Embed Pods Frameworks";
			outputFileListPaths = (
				"${PODS_ROOT}/Target Support Files/Pods-Smaher_alharthi/Pods-Smaher_alharthi-frameworks-${CONFIGURATION}-output-files.xcfilelist",
			);
			runOnlyForDeploymentPostprocessing = 0;
			shellPath = /bin/sh;
			shellScript = "\"${PODS_ROOT}/Target Support Files/Pods-Smaher_alharthi/Pods-Smaher_alharthi-frameworks.sh\"\n";
			showEnvVarsInLog = 0;
		};
		61F01CEB4FEE59007B199234 /* [CP] Check Pods Manifest.lock */ = {
			isa = PBXShellScriptBuildPhase;
			buildActionMask = 2147483647;
			files = (
			);
			inputFileListPaths = (
			);
			inputPaths = (
				"${PODS_PODFILE_DIR_PATH}/Podfile.lock",
				"${PODS_ROOT}/Manifest.lock",
			);
			name = "[CP] Check Pods Manifest.lock";
			outputFileListPaths = (
			);
			outputPaths = (
				"$(DERIVED_FILE_DIR)/Pods-Smaher_alharthi-checkManifestLockResult.txt",
			);
			runOnlyForDeploymentPostprocessing = 0;
			shellPath = /bin/sh;
			shellScript = "diff \"${PODS_PODFILE_DIR_PATH}/Podfile.lock\" \"${PODS_ROOT}/Manifest.lock\" > /dev/null\nif [ $? != 0 ] ; then\n    # print error to STDERR\n    echo \"error: The sandbox is not in sync with the Podfile.lock. Run 'pod install' or update your CocoaPods installation.\" >&2\n    exit 1\nfi\n# This output is used by Xcode 'outputs' to avoid re-running this script phase.\necho \"SUCCESS\" > \"${SCRIPT_OUTPUT_FILE_0}\"\n";
			showEnvVarsInLog = 0;
		};
		D1BBD2267F036FBFB0E130C2 /* [CP] Check Pods Manifest.lock */ = {
			isa = PBXShellScriptBuildPhase;
			buildActionMask = 2147483647;
			files = (
			);
			inputFileListPaths = (
			);
			inputPaths = (
				"${PODS_PODFILE_DIR_PATH}/Podfile.lock",
				"${PODS_ROOT}/Manifest.lock",
			);
			name = "[CP] Check Pods Manifest.lock";
			outputFileListPaths = (
			);
			outputPaths = (
				"$(DERIVED_FILE_DIR)/Pods-Smaher_alharthi-Smaher_alharthiUITests-checkManifestLockResult.txt",
			);
			runOnlyForDeploymentPostprocessing = 0;
			shellPath = /bin/sh;
			shellScript = "diff \"${PODS_PODFILE_DIR_PATH}/Podfile.lock\" \"${PODS_ROOT}/Manifest.lock\" > /dev/null\nif [ $? != 0 ] ; then\n    # print error to STDERR\n    echo \"error: The sandbox is not in sync with the Podfile.lock. Run 'pod install' or update your CocoaPods installation.\" >&2\n    exit 1\nfi\n# This output is used by Xcode 'outputs' to avoid re-running this script phase.\necho \"SUCCESS\" > \"${SCRIPT_OUTPUT_FILE_0}\"\n";
			showEnvVarsInLog = 0;
		};
		EFA0ED2EBD1ACD13BF80B5F3 /* [CP] Check Pods Manifest.lock */ = {
			isa = PBXShellScriptBuildPhase;
			buildActionMask = 2147483647;
			files = (
			);
			inputFileListPaths = (
			);
			inputPaths = (
				"${PODS_PODFILE_DIR_PATH}/Podfile.lock",
				"${PODS_ROOT}/Manifest.lock",
			);
			name = "[CP] Check Pods Manifest.lock";
			outputFileListPaths = (
			);
			outputPaths = (
				"$(DERIVED_FILE_DIR)/Pods-Smaher_alharthiTests-checkManifestLockResult.txt",
			);
			runOnlyForDeploymentPostprocessing = 0;
			shellPath = /bin/sh;
			shellScript = "diff \"${PODS_PODFILE_DIR_PATH}/Podfile.lock\" \"${PODS_ROOT}/Manifest.lock\" > /dev/null\nif [ $? != 0 ] ; then\n    # print error to STDERR\n    echo \"error: The sandbox is not in sync with the Podfile.lock. Run 'pod install' or update your CocoaPods installation.\" >&2\n    exit 1\nfi\n# This output is used by Xcode 'outputs' to avoid re-running this script phase.\necho \"SUCCESS\" > \"${SCRIPT_OUTPUT_FILE_0}\"\n";
			showEnvVarsInLog = 0;
		};
		F2887319AAC972E86B95A8D0 /* [CP] Embed Pods Frameworks */ = {
			isa = PBXShellScriptBuildPhase;
			buildActionMask = 2147483647;
			files = (
			);
			inputFileListPaths = (
				"${PODS_ROOT}/Target Support Files/Pods-Smaher_alharthi-Smaher_alharthiUITests/Pods-Smaher_alharthi-Smaher_alharthiUITests-frameworks-${CONFIGURATION}-input-files.xcfilelist",
			);
			name = "[CP] Embed Pods Frameworks";
			outputFileListPaths = (
				"${PODS_ROOT}/Target Support Files/Pods-Smaher_alharthi-Smaher_alharthiUITests/Pods-Smaher_alharthi-Smaher_alharthiUITests-frameworks-${CONFIGURATION}-output-files.xcfilelist",
			);
			runOnlyForDeploymentPostprocessing = 0;
			shellPath = /bin/sh;
			shellScript = "\"${PODS_ROOT}/Target Support Files/Pods-Smaher_alharthi-Smaher_alharthiUITests/Pods-Smaher_alharthi-Smaher_alharthiUITests-frameworks.sh\"\n";
			showEnvVarsInLog = 0;
		};
/* End PBXShellScriptBuildPhase section */

/* Begin PBXSourcesBuildPhase section */
		52010B21278F43C300F51F68 /* Sources */ = {
			isa = PBXSourcesBuildPhase;
			buildActionMask = 2147483647;
			files = (
				52010B5B278F49F500F51F68 /* UserOnlineTableViewController.swift in Sources */,
				52010B59278F49AA00F51F68 /* GroceryItemTableViewController.swift in Sources */,
				52010B2D278F43C300F51F68 /* ViewController.swift in Sources */,
				52010B29278F43C300F51F68 /* AppDelegate.swift in Sources */,
				52010B2B278F43C300F51F68 /* SceneDelegate.swift in Sources */,
			);
			runOnlyForDeploymentPostprocessing = 0;
		};
		52010B37278F43C600F51F68 /* Sources */ = {
			isa = PBXSourcesBuildPhase;
			buildActionMask = 2147483647;
			files = (
				52010B40278F43C600F51F68 /* Smaher_alharthiTests.swift in Sources */,
			);
			runOnlyForDeploymentPostprocessing = 0;
		};
		52010B41278F43C700F51F68 /* Sources */ = {
			isa = PBXSourcesBuildPhase;
			buildActionMask = 2147483647;
			files = (
				52010B4A278F43C700F51F68 /* Smaher_alharthiUITests.swift in Sources */,
				52010B4C278F43C700F51F68 /* Smaher_alharthiUITestsLaunchTests.swift in Sources */,
			);
			runOnlyForDeploymentPostprocessing = 0;
		};
/* End PBXSourcesBuildPhase section */

/* Begin PBXTargetDependency section */
		52010B3D278F43C600F51F68 /* PBXTargetDependency */ = {
			isa = PBXTargetDependency;
			target = 52010B24278F43C300F51F68 /* Smaher_alharthi */;
			targetProxy = 52010B3C278F43C600F51F68 /* PBXContainerItemProxy */;
		};
		52010B47278F43C700F51F68 /* PBXTargetDependency */ = {
			isa = PBXTargetDependency;
			target = 52010B24278F43C300F51F68 /* Smaher_alharthi */;
			targetProxy = 52010B46278F43C700F51F68 /* PBXContainerItemProxy */;
		};
/* End PBXTargetDependency section */

/* Begin PBXVariantGroup section */
		52010B2E278F43C300F51F68 /* Main.storyboard */ = {
			isa = PBXVariantGroup;
			children = (
				52010B2F278F43C300F51F68 /* Base */,
			);
			name = Main.storyboard;
			sourceTree = "<group>";
		};
		52010B33278F43C600F51F68 /* LaunchScreen.storyboard */ = {
			isa = PBXVariantGroup;
			children = (
				52010B34278F43C600F51F68 /* Base */,
			);
			name = LaunchScreen.storyboard;
			sourceTree = "<group>";
		};
/* End PBXVariantGroup section */

/* Begin XCBuildConfiguration section */
		52010B4D278F43C700F51F68 /* Debug */ = {
			isa = XCBuildConfiguration;
			buildSettings = {
				ALWAYS_SEARCH_USER_PATHS = NO;
				CLANG_ANALYZER_NONNULL = YES;
				CLANG_ANALYZER_NUMBER_OBJECT_CONVERSION = YES_AGGRESSIVE;
				CLANG_CXX_LANGUAGE_STANDARD = "gnu++17";
				CLANG_CXX_LIBRARY = "libc++";
				CLANG_ENABLE_MODULES = YES;
				CLANG_ENABLE_OBJC_ARC = YES;
				CLANG_ENABLE_OBJC_WEAK = YES;
				CLANG_WARN_BLOCK_CAPTURE_AUTORELEASING = YES;
				CLANG_WARN_BOOL_CONVERSION = YES;
				CLANG_WARN_COMMA = YES;
				CLANG_WARN_CONSTANT_CONVERSION = YES;
				CLANG_WARN_DEPRECATED_OBJC_IMPLEMENTATIONS = YES;
				CLANG_WARN_DIRECT_OBJC_ISA_USAGE = YES_ERROR;
				CLANG_WARN_DOCUMENTATION_COMMENTS = YES;
				CLANG_WARN_EMPTY_BODY = YES;
				CLANG_WARN_ENUM_CONVERSION = YES;
				CLANG_WARN_INFINITE_RECURSION = YES;
				CLANG_WARN_INT_CONVERSION = YES;
				CLANG_WARN_NON_LITERAL_NULL_CONVERSION = YES;
				CLANG_WARN_OBJC_IMPLICIT_RETAIN_SELF = YES;
				CLANG_WARN_OBJC_LITERAL_CONVERSION = YES;
				CLANG_WARN_OBJC_ROOT_CLASS = YES_ERROR;
				CLANG_WARN_QUOTED_INCLUDE_IN_FRAMEWORK_HEADER = YES;
				CLANG_WARN_RANGE_LOOP_ANALYSIS = YES;
				CLANG_WARN_STRICT_PROTOTYPES = YES;
				CLANG_WARN_SUSPICIOUS_MOVE = YES;
				CLANG_WARN_UNGUARDED_AVAILABILITY = YES_AGGRESSIVE;
				CLANG_WARN_UNREACHABLE_CODE = YES;
				CLANG_WARN__DUPLICATE_METHOD_MATCH = YES;
				COPY_PHASE_STRIP = NO;
				DEBUG_INFORMATION_FORMAT = dwarf;
				ENABLE_STRICT_OBJC_MSGSEND = YES;
				ENABLE_TESTABILITY = YES;
				GCC_C_LANGUAGE_STANDARD = gnu11;
				GCC_DYNAMIC_NO_PIC = NO;
				GCC_NO_COMMON_BLOCKS = YES;
				GCC_OPTIMIZATION_LEVEL = 0;
				GCC_PREPROCESSOR_DEFINITIONS = (
					"DEBUG=1",
					"$(inherited)",
				);
				GCC_WARN_64_TO_32_BIT_CONVERSION = YES;
				GCC_WARN_ABOUT_RETURN_TYPE = YES_ERROR;
				GCC_WARN_UNDECLARED_SELECTOR = YES;
				GCC_WARN_UNINITIALIZED_AUTOS = YES_AGGRESSIVE;
				GCC_WARN_UNUSED_FUNCTION = YES;
				GCC_WARN_UNUSED_VARIABLE = YES;
				IPHONEOS_DEPLOYMENT_TARGET = 15.0;
				MTL_ENABLE_DEBUG_INFO = INCLUDE_SOURCE;
				MTL_FAST_MATH = YES;
				ONLY_ACTIVE_ARCH = YES;
				SDKROOT = iphoneos;
				SWIFT_ACTIVE_COMPILATION_CONDITIONS = DEBUG;
				SWIFT_OPTIMIZATION_LEVEL = "-Onone";
			};
			name = Debug;
		};
		52010B4E278F43C700F51F68 /* Release */ = {
			isa = XCBuildConfiguration;
			buildSettings = {
				ALWAYS_SEARCH_USER_PATHS = NO;
				CLANG_ANALYZER_NONNULL = YES;
				CLANG_ANALYZER_NUMBER_OBJECT_CONVERSION = YES_AGGRESSIVE;
				CLANG_CXX_LANGUAGE_STANDARD = "gnu++17";
				CLANG_CXX_LIBRARY = "libc++";
				CLANG_ENABLE_MODULES = YES;
				CLANG_ENABLE_OBJC_ARC = YES;
				CLANG_ENABLE_OBJC_WEAK = YES;
				CLANG_WARN_BLOCK_CAPTURE_AUTORELEASING = YES;
				CLANG_WARN_BOOL_CONVERSION = YES;
				CLANG_WARN_COMMA = YES;
				CLANG_WARN_CONSTANT_CONVERSION = YES;
				CLANG_WARN_DEPRECATED_OBJC_IMPLEMENTATIONS = YES;
				CLANG_WARN_DIRECT_OBJC_ISA_USAGE = YES_ERROR;
				CLANG_WARN_DOCUMENTATION_COMMENTS = YES;
				CLANG_WARN_EMPTY_BODY = YES;
				CLANG_WARN_ENUM_CONVERSION = YES;
				CLANG_WARN_INFINITE_RECURSION = YES;
				CLANG_WARN_INT_CONVERSION = YES;
				CLANG_WARN_NON_LITERAL_NULL_CONVERSION = YES;
				CLANG_WARN_OBJC_IMPLICIT_RETAIN_SELF = YES;
				CLANG_WARN_OBJC_LITERAL_CONVERSION = YES;
				CLANG_WARN_OBJC_ROOT_CLASS = YES_ERROR;
				CLANG_WARN_QUOTED_INCLUDE_IN_FRAMEWORK_HEADER = YES;
				CLANG_WARN_RANGE_LOOP_ANALYSIS = YES;
				CLANG_WARN_STRICT_PROTOTYPES = YES;
				CLANG_WARN_SUSPICIOUS_MOVE = YES;
				CLANG_WARN_UNGUARDED_AVAILABILITY = YES_AGGRESSIVE;
				CLANG_WARN_UNREACHABLE_CODE = YES;
				CLANG_WARN__DUPLICATE_METHOD_MATCH = YES;
				COPY_PHASE_STRIP = NO;
				DEBUG_INFORMATION_FORMAT = "dwarf-with-dsym";
				ENABLE_NS_ASSERTIONS = NO;
				ENABLE_STRICT_OBJC_MSGSEND = YES;
				GCC_C_LANGUAGE_STANDARD = gnu11;
				GCC_NO_COMMON_BLOCKS = YES;
				GCC_WARN_64_TO_32_BIT_CONVERSION = YES;
				GCC_WARN_ABOUT_RETURN_TYPE = YES_ERROR;
				GCC_WARN_UNDECLARED_SELECTOR = YES;
				GCC_WARN_UNINITIALIZED_AUTOS = YES_AGGRESSIVE;
				GCC_WARN_UNUSED_FUNCTION = YES;
				GCC_WARN_UNUSED_VARIABLE = YES;
				IPHONEOS_DEPLOYMENT_TARGET = 15.0;
				MTL_ENABLE_DEBUG_INFO = NO;
				MTL_FAST_MATH = YES;
				SDKROOT = iphoneos;
				SWIFT_COMPILATION_MODE = wholemodule;
				SWIFT_OPTIMIZATION_LEVEL = "-O";
				VALIDATE_PRODUCT = YES;
			};
			name = Release;
		};
		52010B50278F43C700F51F68 /* Debug */ = {
			isa = XCBuildConfiguration;
			baseConfigurationReference = 91D0EC91A8FF90FF82F078C7 /* Pods-Smaher_alharthi.debug.xcconfig */;
			buildSettings = {
				ASSETCATALOG_COMPILER_APPICON_NAME = AppIcon;
				ASSETCATALOG_COMPILER_GLOBAL_ACCENT_COLOR_NAME = AccentColor;
				CODE_SIGN_STYLE = Automatic;
				CURRENT_PROJECT_VERSION = 1;
				DEVELOPMENT_TEAM = S4L7UUYCWP;
				GENERATE_INFOPLIST_FILE = YES;
				INFOPLIST_FILE = Smaher_alharthi/Info.plist;
				INFOPLIST_KEY_UIApplicationSupportsIndirectInputEvents = YES;
				INFOPLIST_KEY_UILaunchStoryboardName = LaunchScreen;
				INFOPLIST_KEY_UIMainStoryboardFile = Main;
				INFOPLIST_KEY_UISupportedInterfaceOrientations_iPad = "UIInterfaceOrientationPortrait UIInterfaceOrientationPortraitUpsideDown UIInterfaceOrientationLandscapeLeft UIInterfaceOrientationLandscapeRight";
				INFOPLIST_KEY_UISupportedInterfaceOrientations_iPhone = "UIInterfaceOrientationPortrait UIInterfaceOrientationLandscapeLeft UIInterfaceOrientationLandscapeRight";
				LD_RUNPATH_SEARCH_PATHS = (
					"$(inherited)",
					"@executable_path/Frameworks",
				);
				MARKETING_VERSION = 1.0;
				PRODUCT_BUNDLE_IDENTIFIER = "Smaher.Smaher-alharthi";
				PRODUCT_NAME = "$(TARGET_NAME)";
				SWIFT_EMIT_LOC_STRINGS = YES;
				SWIFT_VERSION = 5.0;
				TARGETED_DEVICE_FAMILY = "1,2";
			};
			name = Debug;
		};
		52010B51278F43C700F51F68 /* Release */ = {
			isa = XCBuildConfiguration;
			baseConfigurationReference = 2F6D16F09AF7503550130A3F /* Pods-Smaher_alharthi.release.xcconfig */;
			buildSettings = {
				ASSETCATALOG_COMPILER_APPICON_NAME = AppIcon;
				ASSETCATALOG_COMPILER_GLOBAL_ACCENT_COLOR_NAME = AccentColor;
				CODE_SIGN_STYLE = Automatic;
				CURRENT_PROJECT_VERSION = 1;
				DEVELOPMENT_TEAM = S4L7UUYCWP;
				GENERATE_INFOPLIST_FILE = YES;
				INFOPLIST_FILE = Smaher_alharthi/Info.plist;
				INFOPLIST_KEY_UIApplicationSupportsIndirectInputEvents = YES;
				INFOPLIST_KEY_UILaunchStoryboardName = LaunchScreen;
				INFOPLIST_KEY_UIMainStoryboardFile = Main;
				INFOPLIST_KEY_UISupportedInterfaceOrientations_iPad = "UIInterfaceOrientationPortrait UIInterfaceOrientationPortraitUpsideDown UIInterfaceOrientationLandscapeLeft UIInterfaceOrientationLandscapeRight";
				INFOPLIST_KEY_UISupportedInterfaceOrientations_iPhone = "UIInterfaceOrientationPortrait UIInterfaceOrientationLandscapeLeft UIInterfaceOrientationLandscapeRight";
				LD_RUNPATH_SEARCH_PATHS = (
					"$(inherited)",
					"@executable_path/Frameworks",
				);
				MARKETING_VERSION = 1.0;
				PRODUCT_BUNDLE_IDENTIFIER = "Smaher.Smaher-alharthi";
				PRODUCT_NAME = "$(TARGET_NAME)";
				SWIFT_EMIT_LOC_STRINGS = YES;
				SWIFT_VERSION = 5.0;
				TARGETED_DEVICE_FAMILY = "1,2";
			};
			name = Release;
		};
		52010B53278F43C700F51F68 /* Debug */ = {
			isa = XCBuildConfiguration;
			baseConfigurationReference = 4BE144CC1041662F3CD9E332 /* Pods-Smaher_alharthiTests.debug.xcconfig */;
			buildSettings = {
				ALWAYS_EMBED_SWIFT_STANDARD_LIBRARIES = YES;
				BUNDLE_LOADER = "$(TEST_HOST)";
				CODE_SIGN_STYLE = Automatic;
				CURRENT_PROJECT_VERSION = 1;
				DEVELOPMENT_TEAM = S4L7UUYCWP;
				GENERATE_INFOPLIST_FILE = YES;
				IPHONEOS_DEPLOYMENT_TARGET = 15.0;
				LD_RUNPATH_SEARCH_PATHS = (
					"$(inherited)",
					"@executable_path/Frameworks",
					"@loader_path/Frameworks",
				);
				MARKETING_VERSION = 1.0;
				PRODUCT_BUNDLE_IDENTIFIER = "Smaher.Smaher-alharthiTests";
				PRODUCT_NAME = "$(TARGET_NAME)";
				SWIFT_EMIT_LOC_STRINGS = NO;
				SWIFT_VERSION = 5.0;
				TARGETED_DEVICE_FAMILY = "1,2";
				TEST_HOST = "$(BUILT_PRODUCTS_DIR)/Smaher_alharthi.app/Smaher_alharthi";
			};
			name = Debug;
		};
		52010B54278F43C700F51F68 /* Release */ = {
			isa = XCBuildConfiguration;
			baseConfigurationReference = 6F419008AF39CA25CEB202F4 /* Pods-Smaher_alharthiTests.release.xcconfig */;
			buildSettings = {
				ALWAYS_EMBED_SWIFT_STANDARD_LIBRARIES = YES;
				BUNDLE_LOADER = "$(TEST_HOST)";
				CODE_SIGN_STYLE = Automatic;
				CURRENT_PROJECT_VERSION = 1;
				DEVELOPMENT_TEAM = S4L7UUYCWP;
				GENERATE_INFOPLIST_FILE = YES;
				IPHONEOS_DEPLOYMENT_TARGET = 15.0;
				LD_RUNPATH_SEARCH_PATHS = (
					"$(inherited)",
					"@executable_path/Frameworks",
					"@loader_path/Frameworks",
				);
				MARKETING_VERSION = 1.0;
				PRODUCT_BUNDLE_IDENTIFIER = "Smaher.Smaher-alharthiTests";
				PRODUCT_NAME = "$(TARGET_NAME)";
				SWIFT_EMIT_LOC_STRINGS = NO;
				SWIFT_VERSION = 5.0;
				TARGETED_DEVICE_FAMILY = "1,2";
				TEST_HOST = "$(BUILT_PRODUCTS_DIR)/Smaher_alharthi.app/Smaher_alharthi";
			};
			name = Release;
		};
		52010B56278F43C700F51F68 /* Debug */ = {
			isa = XCBuildConfiguration;
			baseConfigurationReference = BD0D455FFF33DFD020325D57 /* Pods-Smaher_alharthi-Smaher_alharthiUITests.debug.xcconfig */;
			buildSettings = {
				ALWAYS_EMBED_SWIFT_STANDARD_LIBRARIES = YES;
				CODE_SIGN_STYLE = Automatic;
				CURRENT_PROJECT_VERSION = 1;
				DEVELOPMENT_TEAM = S4L7UUYCWP;
				GENERATE_INFOPLIST_FILE = YES;
				LD_RUNPATH_SEARCH_PATHS = (
					"$(inherited)",
					"@executable_path/Frameworks",
					"@loader_path/Frameworks",
				);
				MARKETING_VERSION = 1.0;
				PRODUCT_BUNDLE_IDENTIFIER = "Smaher.Smaher-alharthiUITests";
				PRODUCT_NAME = "$(TARGET_NAME)";
				SWIFT_EMIT_LOC_STRINGS = NO;
				SWIFT_VERSION = 5.0;
				TARGETED_DEVICE_FAMILY = "1,2";
				TEST_TARGET_NAME = Smaher_alharthi;
			};
			name = Debug;
		};
		52010B57278F43C700F51F68 /* Release */ = {
			isa = XCBuildConfiguration;
			baseConfigurationReference = CFC85231BC6C20772A940FB6 /* Pods-Smaher_alharthi-Smaher_alharthiUITests.release.xcconfig */;
			buildSettings = {
				ALWAYS_EMBED_SWIFT_STANDARD_LIBRARIES = YES;
				CODE_SIGN_STYLE = Automatic;
				CURRENT_PROJECT_VERSION = 1;
				DEVELOPMENT_TEAM = S4L7UUYCWP;
				GENERATE_INFOPLIST_FILE = YES;
				LD_RUNPATH_SEARCH_PATHS = (
					"$(inherited)",
					"@executable_path/Frameworks",
					"@loader_path/Frameworks",
				);
				MARKETING_VERSION = 1.0;
				PRODUCT_BUNDLE_IDENTIFIER = "Smaher.Smaher-alharthiUITests";
				PRODUCT_NAME = "$(TARGET_NAME)";
				SWIFT_EMIT_LOC_STRINGS = NO;
				SWIFT_VERSION = 5.0;
				TARGETED_DEVICE_FAMILY = "1,2";
				TEST_TARGET_NAME = Smaher_alharthi;
			};
			name = Release;
		};
/* End XCBuildConfiguration section */

/* Begin XCConfigurationList section */
		52010B20278F43C300F51F68 /* Build configuration list for PBXProject "Smaher_alharthi" */ = {
			isa = XCConfigurationList;
			buildConfigurations = (
				52010B4D278F43C700F51F68 /* Debug */,
				52010B4E278F43C700F51F68 /* Release */,
			);
			defaultConfigurationIsVisible = 0;
			defaultConfigurationName = Release;
		};
		52010B4F278F43C700F51F68 /* Build configuration list for PBXNativeTarget "Smaher_alharthi" */ = {
			isa = XCConfigurationList;
			buildConfigurations = (
				52010B50278F43C700F51F68 /* Debug */,
				52010B51278F43C700F51F68 /* Release */,
			);
			defaultConfigurationIsVisible = 0;
			defaultConfigurationName = Release;
		};
		52010B52278F43C700F51F68 /* Build configuration list for PBXNativeTarget "Smaher_alharthiTests" */ = {
			isa = XCConfigurationList;
			buildConfigurations = (
				52010B53278F43C700F51F68 /* Debug */,
				52010B54278F43C700F51F68 /* Release */,
			);
			defaultConfigurationIsVisible = 0;
			defaultConfigurationName = Release;
		};
		52010B55278F43C700F51F68 /* Build configuration list for PBXNativeTarget "Smaher_alharthiUITests" */ = {
			isa = XCConfigurationList;
			buildConfigurations = (
				52010B56278F43C700F51F68 /* Debug */,
				52010B57278F43C700F51F68 /* Release */,
			);
			defaultConfigurationIsVisible = 0;
			defaultConfigurationName = Release;
		};
/* End XCConfigurationList section */
	};
	rootObject = 52010B1D278F43C300F51F68 /* Project object */;
}
